{
  "version": 4,
  "terraform_version": "1.14.3",
  "serial": 18,
  "lineage": "b46091d1-e389-cd3a-2518-73f02edf5dc7",
  "outputs": {},
  "resources": [
    {
      "mode": "managed",
      "type": "local_file",
      "name": "cat",
      "provider": "provider[\"registry.terraform.io/hashicorp/local\"]",
      "instances": [
        {
          "schema_version": 0,
          "attributes": {
            "content": "My favorite pet is Mr. Whiskers",
            "content_base64": null,
            "content_base64sha256": "GhEfcHzKMlg16F56hTFvNHWMy6lR2cu9bD9wAHMv9J4=",
            "content_base64sha512": "7JigEVUM3D3Oc0NQDaiFKMu5kPzxrdxA74C2gSRxxB6XhLnplnYVXV664i62gEZ8mE8Cv13sV8Z/UTB4ttbmlg==",
            "content_md5": "b594c3dc59ef89ba501bbbf9491668a6",
            "content_sha1": "f392b4bcf5db76684f719bf72061627a9a177de1",
            "content_sha256": "1a111f707cca325835e85e7a85316f34758ccba951d9cbbd6c3f7000732ff49e",
            "content_sha512": "ec98a011550cdc3dce7343500da88528cbb990fcf1addc40ef80b6812471c41e9784b9e99676155d5ebae22eb680467c984f02bf5dec57c67f513078b6d6e696",
            "directory_permission": "0777",
            "file_permission": "0777",
            "filename": "./cat.txt",
            "id": "f392b4bcf5db76684f719bf72061627a9a177de1",
            "sensitive_content": null,
            "source": null
          },
          "sensitive_attributes": [
            [
              {
                "type": "get_attr",
                "value": "sensitive_content"
              }
            ]
          ],
          "identity_schema_version": 0
        }
      ]
    },
    {
      "mode": "managed",
      "type": "local_file",
      "name": "pet",
      "provider": "provider[\"registry.terraform.io/hashicorp/local\"]",
      "instances": [
        {
          "schema_version": 0,
          "attributes": {
            "content": "We love pets !",
            "content_base64": null,
            "content_base64sha256": "tMhTR68o/Pdn2nfUcE8ChgizBrJHm+yJuzgnPyZBbLo=",
            "content_base64sha512": "xrBA7g/QiciETyPm2ERpiNZ9bSfo2kDNvF1lY6ijFFdunIFyUSYl7U/KF/DpshRZxscXKU++Vslvf5u2+t4jwg==",
            "content_md5": "83f3b7d5b56884f1664bed63a0c6e757",
            "content_sha1": "c7c00b72b9e05de92340fc93d21e97005014263e",
            "content_sha256": "b4c85347af28fcf767da77d4704f028608b306b2479bec89bb38273f26416cba",
            "content_sha512": "c6b040ee0fd089c8844f23e6d8446988d67d6d27e8da40cdbc5d6563a8a314576e9c8172512625ed4fca17f0e9b21459c6c717294fbe56c96f7f9bb6fade23c2",
            "directory_permission": "0777",
            "file_permission": "0701",
            "filename": "./pets.txt",
            "id": "c7c00b72b9e05de92340fc93d21e97005014263e",
            "sensitive_content": null,
            "source": null
          },
          "sensitive_attributes": [
            [
              {
                "type": "get_attr",
                "value": "sensitive_content"
              }
            ]
          ],
          "identity_schema_version": 0
        }
      ]
    },
    {
      "mode": "managed",
      "type": "local_file",
      "name": "pet1",
      "provider": "provider[\"registry.terraform.io/hashicorp/local\"]",
      "instances": [
        {
          "schema_version": 0,
          "attributes": {
            "content": "We love pets !",
            "content_base64": null,
            "content_base64sha256": "tMhTR68o/Pdn2nfUcE8ChgizBrJHm+yJuzgnPyZBbLo=",
            "content_base64sha512": "xrBA7g/QiciETyPm2ERpiNZ9bSfo2kDNvF1lY6ijFFdunIFyUSYl7U/KF/DpshRZxscXKU++Vslvf5u2+t4jwg==",
            "content_md5": "83f3b7d5b56884f1664bed63a0c6e757",
            "content_sha1": "c7c00b72b9e05de92340fc93d21e97005014263e",
            "content_sha256": "b4c85347af28fcf767da77d4704f028608b306b2479bec89bb38273f26416cba",
            "content_sha512": "c6b040ee0fd089c8844f23e6d8446988d67d6d27e8da40cdbc5d6563a8a314576e9c8172512625ed4fca17f0e9b21459c6c717294fbe56c96f7f9bb6fade23c2",
            "directory_permission": "0777",
            "file_permission": "0701",
            "filename": "./pets.txt",
            "id": "c7c00b72b9e05de92340fc93d21e97005014263e",
            "sensitive_content": null,
            "source": null
          },
          "sensitive_attributes": [
            [
              {
                "type": "get_attr",
                "value": "sensitive_content"
              }
            ]
          ],
          "identity_schema_version": 0
        }
      ]
    },
    {
      "mode": "managed",
      "type": "random_pet",
      "name": "my-pet",
      "provider": "provider[\"registry.terraform.io/hashicorp/random\"]",
      "instances": [
        {
          "schema_version": 0,
          "attributes": {
            "id": "Mrs.lemur",
            "keepers": null,
            "length": 1,
            "prefix": "Mrs",
            "separator": "."
          },
          "sensitive_attributes": [],
          "identity_schema_version": 0
        }
      ]
    }
  ],
  "check_results": null
}
